github.com/asdawn/device v0.0.0-20211117163243-7c0fa41312be h1:0ZoBfOYH0Im+0X2mGP8Q4uhFfD5ZOJih38FduA9iZYw=
github.com/asdawn/device v0.0.0-20211117163243-7c0fa41312be/go.mod h1:mBCLN6Y/nByRi9BMCMZu4xhmzRixRmfEmpzv8xbPKEk=
github.com/asdawn/device v0.0.0-20211128142352-1cd5fc7f9403 h1:kYLOFd6Lned8TS+wgjmieNn6jGXMC/TlyH1ylnyLs/g=
github.com/asdawn/device v0.0.0-20211128142352-1cd5fc7f9403/go.mod h1:mBCLN6Y/nByRi9BMCMZu4xhmzRixRmfEmpzv8xbPKEk=
